
Microsoft Visual Studio Solution File, Format Version 12.00
# Visual Studio Version 17
VisualStudioVersion = 17.8.34322.80
MinimumVisualStudioVersion = 10.0.40219.1
Project("{FAE04EC0-301F-11D3-BF4B-00C04F79EFBC}") = "Api.Clinic", "Api.Clinic\Api.Clinic.csproj", "{43988D82-E85E-4C49-82FB-C9049E8601E1}"
EndProject
Global
	GlobalSection(SolutionConfigurationPlatforms) = preSolution
		Debug|Any CPU = Debug|Any CPU
		Release|Any CPU = Release|Any CPU
	EndGlobalSection
	GlobalSection(ProjectConfigurationPlatforms) = postSolution
		{43988D82-E85E-4C49-82FB-C9049E8601E1}.Debug|Any CPU.ActiveCfg = Debug|Any CPU
		{43988D82-E85E-4C49-82FB-C9049E8601E1}.Debug|Any CPU.Build.0 = Debug|Any CPU
		{43988D82-E85E-4C49-82FB-C9049E8601E1}.Release|Any CPU.ActiveCfg = Release|Any CPU
		{43988D82-E85E-4C49-82FB-C9049E8601E1}.Release|Any CPU.Build.0 = Release|Any CPU
	EndGlobalSection
	GlobalSection(SolutionProperties) = preSolution
		HideSolutionNode = FALSE
	EndGlobalSection
	GlobalSection(ExtensibilityGlobals) = postSolution
		SolutionGuid = {9582C8F9-767D-4FA6-A372-FB0904F64380}
	EndGlobalSection
EndGlobal
